{
  "requires": true,
  "lockfileVersion": 1,
  "dependencies": {
    "vee-validate": {
      "version": "2.2.4",
      "resolved": "https://registry.npmjs.org/vee-validate/-/vee-validate-2.2.4.tgz",
      "integrity": "sha512-Us4DW+lqRiBtL924pne8kIXIJtaV8fzITJ3FEU/rORUkxQynLXtdC0SyimJp8Iexqz8zXKOK859W5gaWKNWDSQ=="
    }
  }
}
